
Microsoft Visual Studio Solution File, Format Version 12.00
# Visual Studio 14
VisualStudioVersion = 14.0.25420.1
MinimumVisualStudioVersion = 10.0.40219.1
Project("{FAE04EC0-301F-11D3-BF4B-00C04F79EFBC}") = "WalkerTexasRoamer", "WalkerTexasRoamer\WalkerTexasRoamer.csproj", "{57A6BF94-D7BE-401D-A4C4-93D7E8ACE32C}"
EndProject
Project("{FAE04EC0-301F-11D3-BF4B-00C04F79EFBC}") = "WalkerTexasRoamer.Tests", "WalkerTexasRoamer.Tests\WalkerTexasRoamer.Tests.csproj", "{872E1CBA-5E18-4ED3-8229-1A0CB42D22AE}"
EndProject
Global
	GlobalSection(SolutionConfigurationPlatforms) = preSolution
		Debug|Any CPU = Debug|Any CPU
		Release|Any CPU = Release|Any CPU
	EndGlobalSection
	GlobalSection(ProjectConfigurationPlatforms) = postSolution
		{57A6BF94-D7BE-401D-A4C4-93D7E8ACE32C}.Debug|Any CPU.ActiveCfg = Debug|Any CPU
		{57A6BF94-D7BE-401D-A4C4-93D7E8ACE32C}.Debug|Any CPU.Build.0 = Debug|Any CPU
		{57A6BF94-D7BE-401D-A4C4-93D7E8ACE32C}.Release|Any CPU.ActiveCfg = Release|Any CPU
		{57A6BF94-D7BE-401D-A4C4-93D7E8ACE32C}.Release|Any CPU.Build.0 = Release|Any CPU
		{872E1CBA-5E18-4ED3-8229-1A0CB42D22AE}.Debug|Any CPU.ActiveCfg = Debug|Any CPU
		{872E1CBA-5E18-4ED3-8229-1A0CB42D22AE}.Debug|Any CPU.Build.0 = Debug|Any CPU
		{872E1CBA-5E18-4ED3-8229-1A0CB42D22AE}.Release|Any CPU.ActiveCfg = Release|Any CPU
		{872E1CBA-5E18-4ED3-8229-1A0CB42D22AE}.Release|Any CPU.Build.0 = Release|Any CPU
	EndGlobalSection
	GlobalSection(SolutionProperties) = preSolution
		HideSolutionNode = FALSE
	EndGlobalSection
EndGlobal
